
Microsoft Visual Studio Solution File, Format Version 12.00
# Visual Studio Version 17
VisualStudioVersion = 17.1.32421.90
MinimumVisualStudioVersion = 10.0.40219.1
Project("{FAE04EC0-301F-11D3-BF4B-00C04F79EFBC}") = "AnagramDetection", "AnagramDetection\AnagramDetection.csproj", "{73F3E908-ACAC-42BD-89BE-97C08DFDD988}"
EndProject
Global
	GlobalSection(SolutionConfigurationPlatforms) = preSolution
		Debug|Any CPU = Debug|Any CPU
		Release|Any CPU = Release|Any CPU
	EndGlobalSection
	GlobalSection(ProjectConfigurationPlatforms) = postSolution
		{73F3E908-ACAC-42BD-89BE-97C08DFDD988}.Debug|Any CPU.ActiveCfg = Debug|Any CPU
		{73F3E908-ACAC-42BD-89BE-97C08DFDD988}.Debug|Any CPU.Build.0 = Debug|Any CPU
		{73F3E908-ACAC-42BD-89BE-97C08DFDD988}.Release|Any CPU.ActiveCfg = Release|Any CPU
		{73F3E908-ACAC-42BD-89BE-97C08DFDD988}.Release|Any CPU.Build.0 = Release|Any CPU
	EndGlobalSection
	GlobalSection(SolutionProperties) = preSolution
		HideSolutionNode = FALSE
	EndGlobalSection
	GlobalSection(ExtensibilityGlobals) = postSolution
		SolutionGuid = {9124CE14-27C3-43AC-BFB2-F5C4AD5C8012}
	EndGlobalSection
EndGlobal
